
Microsoft Visual Studio Solution File, Format Version 12.00
# Visual Studio Version 16
VisualStudioVersion = 16.0.30225.117
MinimumVisualStudioVersion = 10.0.40219.1
Project("{FAE04EC0-301F-11D3-BF4B-00C04F79EFBC}") = "Programmering1DaniellaNoren", "Programmering1DaniellaNoren\Programmering1DaniellaNoren.csproj", "{65C51B9B-576B-44B4-ADA5-8452B6C546DA}"
EndProject
Global
	GlobalSection(SolutionConfigurationPlatforms) = preSolution
		Debug|Any CPU = Debug|Any CPU
		Release|Any CPU = Release|Any CPU
	EndGlobalSection
	GlobalSection(ProjectConfigurationPlatforms) = postSolution
		{65C51B9B-576B-44B4-ADA5-8452B6C546DA}.Debug|Any CPU.ActiveCfg = Debug|Any CPU
		{65C51B9B-576B-44B4-ADA5-8452B6C546DA}.Debug|Any CPU.Build.0 = Debug|Any CPU
		{65C51B9B-576B-44B4-ADA5-8452B6C546DA}.Release|Any CPU.ActiveCfg = Release|Any CPU
		{65C51B9B-576B-44B4-ADA5-8452B6C546DA}.Release|Any CPU.Build.0 = Release|Any CPU
	EndGlobalSection
	GlobalSection(SolutionProperties) = preSolution
		HideSolutionNode = FALSE
	EndGlobalSection
	GlobalSection(ExtensibilityGlobals) = postSolution
		SolutionGuid = {B725C4AE-C976-47EE-AADC-D12642B1C4A6}
	EndGlobalSection
EndGlobal
